# This file is automatically @generated by Poetry 1.8.4 and should not be changed by hand.

[[package]]
name = "aliaro-i2c-device-control"
version = "0.1.0"
description = "I2C control for ALIARO devices."
optional = false
python-versions = "<4.0,>=3.9"
files = [
    {file = "aliaro_i2c_device_control-0.1.0-py3-none-any.whl", hash = "sha256:b86b9d2752fa1cf4885fe87d84c488a5fe32d7ea9a4bb4973729bca46b3380b8"},
    {file = "aliaro_i2c_device_control-0.1.0.tar.gz", hash = "sha256:6128a89866d1aaa7357dbdcb91e47ade6c324207696179cfc5365598d7e5fdc3"},
]

[package.dependencies]
i2cdriver = ">=1.0.1,<2.0.0"

[[package]]
name = "i2cdriver"
version = "1.0.1"
description = "I2CDriver is a desktop I2C interface"
optional = false
python-versions = "*"
files = [
    {file = "i2cdriver-1.0.1.tar.gz", hash = "sha256:8760095a8cb93ef3cafc466906c93ad72407fad8bb2df972e0c78f89ea2670e3"},
]

[package.dependencies]
pyserial = "*"

[[package]]
name = "pyserial"
version = "3.5"
description = "Python Serial Port Extension"
optional = false
python-versions = "*"
files = [
    {file = "pyserial-3.5-py2.py3-none-any.whl", hash = "sha256:c4451db6ba391ca6ca299fb3ec7bae67a5c55dde170964c7a14ceefec02f2cf0"},
    {file = "pyserial-3.5.tar.gz", hash = "sha256:3c77e014170dfffbd816e6ffc205e9842efb10be9f58ec16d3e8675b4925cddb"},
]

[package.extras]
cp2110 = ["hidapi"]

[metadata]
lock-version = "2.0"
python-versions = "^3.11"
content-hash = "37b3c44b15a6860ec2ffe72d4ab0561c5563cf4533c1a693c87689ada9f0174b"
